// !$*UTF8*$!
{
	archiveVersion = 1;
	classes = {
	};
	objectVersion = 46;
	objects = {

/* Begin PBXBuildFile section */
		293128E2F803511274AFB3D5 /* libPods-defineCamera.a in Frameworks */ = {isa = PBXBuildFile; fileRef = 2ECD6160B3E27E9AD99E5892 /* libPods-defineCamera.a */; };
		8100F87099525EF3BBE91EFB /* libPods-defineCameraTests.a in Frameworks */ = {isa = PBXBuildFile; fileRef = 93EA97E04080B14837026258 /* libPods-defineCameraTests.a */; };
		CE0A14A61E86A15800C4068F /* main.m in Sources */ = {isa = PBXBuildFile; fileRef = CE0A14A51E86A15800C4068F /* main.m */; };
		CE0A14A91E86A15800C4068F /* AppDelegate.m in Sources */ = {isa = PBXBuildFile; fileRef = CE0A14A81E86A15800C4068F /* AppDelegate.m */; };
		CE0A14AC1E86A15800C4068F /* ViewController.m in Sources */ = {isa = PBXBuildFile; fileRef = CE0A14AB1E86A15800C4068F /* ViewController.m */; };
		CE0A14AF1E86A15800C4068F /* Main.storyboard in Resources */ = {isa = PBXBuildFile; fileRef = CE0A14AD1E86A15800C4068F /* Main.storyboard */; };
		CE0A14B11E86A15800C4068F /* Assets.xcassets in Resources */ = {isa = PBXBuildFile; fileRef = CE0A14B01E86A15800C4068F /* Assets.xcassets */; };
		CE0A14B41E86A15800C4068F /* LaunchScreen.storyboard in Resources */ = {isa = PBXBuildFile; fileRef = CE0A14B21E86A15800C4068F /* LaunchScreen.storyboard */; };
		CE0A14BF1E86A15800C4068F /* defineCameraTests.m in Sources */ = {isa = PBXBuildFile; fileRef = CE0A14BE1E86A15800C4068F /* defineCameraTests.m */; };
		CE0A14CA1E86A15800C4068F /* defineCameraUITests.m in Sources */ = {isa = PBXBuildFile; fileRef = CE0A14C91E86A15800C4068F /* defineCameraUITests.m */; };
		CE41CC651E86A24C00AA6E6B /* KFZImageDBTool.m in Sources */ = {isa = PBXBuildFile; fileRef = CE41CC641E86A24C00AA6E6B /* KFZImageDBTool.m */; };
		CE41CC681E86A28B00AA6E6B /* UIImage+extension.m in Sources */ = {isa = PBXBuildFile; fileRef = CE41CC671E86A28B00AA6E6B /* UIImage+extension.m */; };
		CE41CCA81E86A5F300AA6E6B /* KFZBaseCameraVC.m in Sources */ = {isa = PBXBuildFile; fileRef = CE41CC911E86A5F300AA6E6B /* KFZBaseCameraVC.m */; };
		CE41CCA91E86A5F300AA6E6B /* KFZCameraShowView.m in Sources */ = {isa = PBXBuildFile; fileRef = CE41CC931E86A5F300AA6E6B /* KFZCameraShowView.m */; };
		CE41CCAA1E86A5F300AA6E6B /* KFZCameraShowView.xib in Resources */ = {isa = PBXBuildFile; fileRef = CE41CC941E86A5F300AA6E6B /* KFZCameraShowView.xib */; };
		CE41CCAB1E86A5F300AA6E6B /* cameraClose.png in Resources */ = {isa = PBXBuildFile; fileRef = CE41CC961E86A5F300AA6E6B /* cameraClose.png */; };
		CE41CCAC1E86A5F300AA6E6B /* cameraClose@2x.png in Resources */ = {isa = PBXBuildFile; fileRef = CE41CC971E86A5F300AA6E6B /* cameraClose@2x.png */; };
		CE41CCAD1E86A5F300AA6E6B /* cameraClose@3x.png in Resources */ = {isa = PBXBuildFile; fileRef = CE41CC981E86A5F300AA6E6B /* cameraClose@3x.png */; };
		CE41CCAE1E86A5F300AA6E6B /* cameraCrop.png in Resources */ = {isa = PBXBuildFile; fileRef = CE41CC991E86A5F300AA6E6B /* cameraCrop.png */; };
		CE41CCAF1E86A5F300AA6E6B /* cameraCrop@2x.png in Resources */ = {isa = PBXBuildFile; fileRef = CE41CC9A1E86A5F300AA6E6B /* cameraCrop@2x.png */; };
		CE41CCB01E86A5F300AA6E6B /* cameraCrop@3x.png in Resources */ = {isa = PBXBuildFile; fileRef = CE41CC9B1E86A5F300AA6E6B /* cameraCrop@3x.png */; };
		CE41CCB11E86A5F300AA6E6B /* cameraFlash.png in Resources */ = {isa = PBXBuildFile; fileRef = CE41CC9C1E86A5F300AA6E6B /* cameraFlash.png */; };
		CE41CCB21E86A5F300AA6E6B /* cameraFlash@2x.png in Resources */ = {isa = PBXBuildFile; fileRef = CE41CC9D1E86A5F300AA6E6B /* cameraFlash@2x.png */; };
		CE41CCB31E86A5F300AA6E6B /* cameraFlash@3x.png in Resources */ = {isa = PBXBuildFile; fileRef = CE41CC9E1E86A5F300AA6E6B /* cameraFlash@3x.png */; };
		CE41CCB71E86A5F300AA6E6B /* cameraGridNormal.png in Resources */ = {isa = PBXBuildFile; fileRef = CE41CCA21E86A5F300AA6E6B /* cameraGridNormal.png */; };
		CE41CCB81E86A5F300AA6E6B /* cameraGridNormal@2x.png in Resources */ = {isa = PBXBuildFile; fileRef = CE41CCA31E86A5F300AA6E6B /* cameraGridNormal@2x.png */; };
		CE41CCB91E86A5F300AA6E6B /* cameraGridNormal@3x.png in Resources */ = {isa = PBXBuildFile; fileRef = CE41CCA41E86A5F300AA6E6B /* cameraGridNormal@3x.png */; };
		CEAD15651E8F97960012ADFF /* cameraTrigger_highilight@2x.png in Resources */ = {isa = PBXBuildFile; fileRef = CEAD15631E8F97960012ADFF /* cameraTrigger_highilight@2x.png */; };
		CEAD15661E8F97960012ADFF /* cameraTrigger@2x.png in Resources */ = {isa = PBXBuildFile; fileRef = CEAD15641E8F97960012ADFF /* cameraTrigger@2x.png */; };
		CEAD15681E8F989D0012ADFF /* cameraFlip@2x.png in Resources */ = {isa = PBXBuildFile; fileRef = CEAD15671E8F989D0012ADFF /* cameraFlip@2x.png */; };
		DA7FCA05A70037C499FC0C4E /* libPods-defineCameraUITests.a in Frameworks */ = {isa = PBXBuildFile; fileRef = 91383BB5550562E154B4B86A /* libPods-defineCameraUITests.a */; };
/* End PBXBuildFile section */

/* Begin PBXContainerItemProxy section */
		CE0A14BB1E86A15800C4068F /* PBXContainerItemProxy */ = {
			isa = PBXContainerItemProxy;
			containerPortal = CE0A14991E86A15800C4068F /* Project object */;
			proxyType = 1;
			remoteGlobalIDString = CE0A14A01E86A15800C4068F;
			remoteInfo = defineCamera;
		};
		CE0A14C61E86A15800C4068F /* PBXContainerItemProxy */ = {
			isa = PBXContainerItemProxy;
			containerPortal = CE0A14991E86A15800C4068F /* Project object */;
			proxyType = 1;
			remoteGlobalIDString = CE0A14A01E86A15800C4068F;
			remoteInfo = defineCamera;
		};
/* End PBXContainerItemProxy section */

/* Begin PBXFileReference section */
		220664C6E5892C02FAC24168 /* Pods-defineCameraTests.release.xcconfig */ = {isa = PBXFileReference; includeInIndex = 1; lastKnownFileType = text.xcconfig; name = "Pods-defineCameraTests.release.xcconfig"; path = "Pods/Target Support Files/Pods-defineCameraTests/Pods-defineCameraTests.release.xcconfig"; sourceTree = "<group>"; };
		2ECD6160B3E27E9AD99E5892 /* libPods-defineCamera.a */ = {isa = PBXFileReference; explicitFileType = archive.ar; includeInIndex = 0; path = "libPods-defineCamera.a"; sourceTree = BUILT_PRODUCTS_DIR; };
		3785B064DE3D1D900C8B45CC /* Pods-defineCameraTests.debug.xcconfig */ = {isa = PBXFileReference; includeInIndex = 1; lastKnownFileType = text.xcconfig; name = "Pods-defineCameraTests.debug.xcconfig"; path = "Pods/Target Support Files/Pods-defineCameraTests/Pods-defineCameraTests.debug.xcconfig"; sourceTree = "<group>"; };
		87243336C405286056458E1C /* Pods-defineCameraUITests.release.xcconfig */ = {isa = PBXFileReference; includeInIndex = 1; lastKnownFileType = text.xcconfig; name = "Pods-defineCameraUITests.release.xcconfig"; path = "Pods/Target Support Files/Pods-defineCameraUITests/Pods-defineCameraUITests.release.xcconfig"; sourceTree = "<group>"; };
		8D9E03F4133ED2ADDCE82C9B /* Pods-defineCameraUITests.debug.xcconfig */ = {isa = PBXFileReference; includeInIndex = 1; lastKnownFileType = text.xcconfig; name = "Pods-defineCameraUITests.debug.xcconfig"; path = "Pods/Target Support Files/Pods-defineCameraUITests/Pods-defineCameraUITests.debug.xcconfig"; sourceTree = "<group>"; };
		91383BB5550562E154B4B86A /* libPods-defineCameraUITests.a */ = {isa = PBXFileReference; explicitFileType = archive.ar; includeInIndex = 0; path = "libPods-defineCameraUITests.a"; sourceTree = BUILT_PRODUCTS_DIR; };
		93EA97E04080B14837026258 /* libPods-defineCameraTests.a */ = {isa = PBXFileReference; explicitFileType = archive.ar; includeInIndex = 0; path = "libPods-defineCameraTests.a"; sourceTree = BUILT_PRODUCTS_DIR; };
		CE0A14A11E86A15800C4068F /* defineCamera.app */ = {isa = PBXFileReference; explicitFileType = wrapper.application; includeInIndex = 0; path = defineCamera.app; sourceTree = BUILT_PRODUCTS_DIR; };
		CE0A14A51E86A15800C4068F /* main.m */ = {isa = PBXFileReference; lastKnownFileType = sourcecode.c.objc; path = main.m; sourceTree = "<group>"; };
		CE0A14A71E86A15800C4068F /* AppDelegate.h */ = {isa = PBXFileReference; lastKnownFileType = sourcecode.c.h; path = AppDelegate.h; sourceTree = "<group>"; };
		CE0A14A81E86A15800C4068F /* AppDelegate.m */ = {isa = PBXFileReference; lastKnownFileType = sourcecode.c.objc; path = AppDelegate.m; sourceTree = "<group>"; };
		CE0A14AA1E86A15800C4068F /* ViewController.h */ = {isa = PBXFileReference; lastKnownFileType = sourcecode.c.h; path = ViewController.h; sourceTree = "<group>"; };
		CE0A14AB1E86A15800C4068F /* ViewController.m */ = {isa = PBXFileReference; lastKnownFileType = sourcecode.c.objc; path = ViewController.m; sourceTree = "<group>"; };
		CE0A14AE1E86A15800C4068F /* Base */ = {isa = PBXFileReference; lastKnownFileType = file.storyboard; name = Base; path = Base.lproj/Main.storyboard; sourceTree = "<group>"; };
		CE0A14B01E86A15800C4068F /* Assets.xcassets */ = {isa = PBXFileReference; lastKnownFileType = folder.assetcatalog; path = Assets.xcassets; sourceTree = "<group>"; };
		CE0A14B31E86A15800C4068F /* Base */ = {isa = PBXFileReference; lastKnownFileType = file.storyboard; name = Base; path = Base.lproj/LaunchScreen.storyboard; sourceTree = "<group>"; };
		CE0A14B51E86A15800C4068F /* Info.plist */ = {isa = PBXFileReference; lastKnownFileType = text.plist.xml; path = Info.plist; sourceTree = "<group>"; };
		CE0A14BA1E86A15800C4068F /* defineCameraTests.xctest */ = {isa = PBXFileReference; explicitFileType = wrapper.cfbundle; includeInIndex = 0; path = defineCameraTests.xctest; sourceTree = BUILT_PRODUCTS_DIR; };
		CE0A14BE1E86A15800C4068F /* defineCameraTests.m */ = {isa = PBXFileReference; lastKnownFileType = sourcecode.c.objc; path = defineCameraTests.m; sourceTree = "<group>"; };
		CE0A14C01E86A15800C4068F /* Info.plist */ = {isa = PBXFileReference; lastKnownFileType = text.plist.xml; path = Info.plist; sourceTree = "<group>"; };
		CE0A14C51E86A15800C4068F /* defineCameraUITests.xctest */ = {isa = PBXFileReference; explicitFileType = wrapper.cfbundle; includeInIndex = 0; path = defineCameraUITests.xctest; sourceTree = BUILT_PRODUCTS_DIR; };
		CE0A14C91E86A15800C4068F /* defineCameraUITests.m */ = {isa = PBXFileReference; lastKnownFileType = sourcecode.c.objc; path = defineCameraUITests.m; sourceTree = "<group>"; };
		CE0A14CB1E86A15800C4068F /* Info.plist */ = {isa = PBXFileReference; lastKnownFileType = text.plist.xml; path = Info.plist; sourceTree = "<group>"; };
		CE41CC631E86A24C00AA6E6B /* KFZImageDBTool.h */ = {isa = PBXFileReference; fileEncoding = 4; lastKnownFileType = sourcecode.c.h; path = KFZImageDBTool.h; sourceTree = "<group>"; };
		CE41CC641E86A24C00AA6E6B /* KFZImageDBTool.m */ = {isa = PBXFileReference; fileEncoding = 4; lastKnownFileType = sourcecode.c.objc; path = KFZImageDBTool.m; sourceTree = "<group>"; };
		CE41CC661E86A28B00AA6E6B /* UIImage+extension.h */ = {isa = PBXFileReference; fileEncoding = 4; lastKnownFileType = sourcecode.c.h; path = "UIImage+extension.h"; sourceTree = "<group>"; };
		CE41CC671E86A28B00AA6E6B /* UIImage+extension.m */ = {isa = PBXFileReference; fileEncoding = 4; lastKnownFileType = sourcecode.c.objc; path = "UIImage+extension.m"; sourceTree = "<group>"; };
		CE41CC901E86A5F300AA6E6B /* KFZBaseCameraVC.h */ = {isa = PBXFileReference; fileEncoding = 4; lastKnownFileType = sourcecode.c.h; path = KFZBaseCameraVC.h; sourceTree = "<group>"; };
		CE41CC911E86A5F300AA6E6B /* KFZBaseCameraVC.m */ = {isa = PBXFileReference; fileEncoding = 4; lastKnownFileType = sourcecode.c.objc; path = KFZBaseCameraVC.m; sourceTree = "<group>"; };
		CE41CC921E86A5F300AA6E6B /* KFZCameraShowView.h */ = {isa = PBXFileReference; fileEncoding = 4; lastKnownFileType = sourcecode.c.h; path = KFZCameraShowView.h; sourceTree = "<group>"; };
		CE41CC931E86A5F300AA6E6B /* KFZCameraShowView.m */ = {isa = PBXFileReference; fileEncoding = 4; lastKnownFileType = sourcecode.c.objc; path = KFZCameraShowView.m; sourceTree = "<group>"; };
		CE41CC941E86A5F300AA6E6B /* KFZCameraShowView.xib */ = {isa = PBXFileReference; fileEncoding = 4; lastKnownFileType = file.xib; path = KFZCameraShowView.xib; sourceTree = "<group>"; };
		CE41CC961E86A5F300AA6E6B /* cameraClose.png */ = {isa = PBXFileReference; lastKnownFileType = image.png; path = cameraClose.png; sourceTree = "<group>"; };
		CE41CC971E86A5F300AA6E6B /* cameraClose@2x.png */ = {isa = PBXFileReference; lastKnownFileType = image.png; path = "cameraClose@2x.png"; sourceTree = "<group>"; };
		CE41CC981E86A5F300AA6E6B /* cameraClose@3x.png */ = {isa = PBXFileReference; lastKnownFileType = image.png; path = "cameraClose@3x.png"; sourceTree = "<group>"; };
		CE41CC991E86A5F300AA6E6B /* cameraCrop.png */ = {isa = PBXFileReference; lastKnownFileType = image.png; path = cameraCrop.png; sourceTree = "<group>"; };
		CE41CC9A1E86A5F300AA6E6B /* cameraCrop@2x.png */ = {isa = PBXFileReference; lastKnownFileType = image.png; path = "cameraCrop@2x.png"; sourceTree = "<group>"; };
		CE41CC9B1E86A5F300AA6E6B /* cameraCrop@3x.png */ = {isa = PBXFileReference; lastKnownFileType = image.png; path = "cameraCrop@3x.png"; sourceTree = "<group>"; };
		CE41CC9C1E86A5F300AA6E6B /* cameraFlash.png */ = {isa = PBXFileReference; lastKnownFileType = image.png; path = cameraFlash.png; sourceTree = "<group>"; };
		CE41CC9D1E86A5F300AA6E6B /* cameraFlash@2x.png */ = {isa = PBXFileReference; lastKnownFileType = image.png; path = "cameraFlash@2x.png"; sourceTree = "<group>"; };
		CE41CC9E1E86A5F300AA6E6B /* cameraFlash@3x.png */ = {isa = PBXFileReference; lastKnownFileType = image.png; path = "cameraFlash@3x.png"; sourceTree = "<group>"; };
		CE41CCA21E86A5F300AA6E6B /* cameraGridNormal.png */ = {isa = PBXFileReference; lastKnownFileType = image.png; path = cameraGridNormal.png; sourceTree = "<group>"; };
		CE41CCA31E86A5F300AA6E6B /* cameraGridNormal@2x.png */ = {isa = PBXFileReference; lastKnownFileType = image.png; path = "cameraGridNormal@2x.png"; sourceTree = "<group>"; };
		CE41CCA41E86A5F300AA6E6B /* cameraGridNormal@3x.png */ = {isa = PBXFileReference; lastKnownFileType = image.png; path = "cameraGridNormal@3x.png"; sourceTree = "<group>"; };
		CEAD15631E8F97960012ADFF /* cameraTrigger_highilight@2x.png */ = {isa = PBXFileReference; lastKnownFileType = image.png; path = "cameraTrigger_highilight@2x.png"; sourceTree = "<group>"; };
		CEAD15641E8F97960012ADFF /* cameraTrigger@2x.png */ = {isa = PBXFileReference; lastKnownFileType = image.png; path = "cameraTrigger@2x.png"; sourceTree = "<group>"; };
		CEAD15671E8F989D0012ADFF /* cameraFlip@2x.png */ = {isa = PBXFileReference; lastKnownFileType = image.png; path = "cameraFlip@2x.png"; sourceTree = "<group>"; };
		D5B722465D49DA8920E55EDA /* Pods-defineCamera.release.xcconfig */ = {isa = PBXFileReference; includeInIndex = 1; lastKnownFileType = text.xcconfig; name = "Pods-defineCamera.release.xcconfig"; path = "Pods/Target Support Files/Pods-defineCamera/Pods-defineCamera.release.xcconfig"; sourceTree = "<group>"; };
		D6F57C586E9C61CB11B6925F /* Pods-defineCamera.debug.xcconfig */ = {isa = PBXFileReference; includeInIndex = 1; lastKnownFileType = text.xcconfig; name = "Pods-defineCamera.debug.xcconfig"; path = "Pods/Target Support Files/Pods-defineCamera/Pods-defineCamera.debug.xcconfig"; sourceTree = "<group>"; };
/* End PBXFileReference section */

/* Begin PBXFrameworksBuildPhase section */
		CE0A149E1E86A15800C4068F /* Frameworks */ = {
			isa = PBXFrameworksBuildPhase;
			buildActionMask = 2147483647;
			files = (
				293128E2F803511274AFB3D5 /* libPods-defineCamera.a in Frameworks */,
			);
			runOnlyForDeploymentPostprocessing = 0;
		};
		CE0A14B71E86A15800C4068F /* Frameworks */ = {
			isa = PBXFrameworksBuildPhase;
			buildActionMask = 2147483647;
			files = (
				8100F87099525EF3BBE91EFB /* libPods-defineCameraTests.a in Frameworks */,
			);
			runOnlyForDeploymentPostprocessing = 0;
		};
		CE0A14C21E86A15800C4068F /* Frameworks */ = {
			isa = PBXFrameworksBuildPhase;
			buildActionMask = 2147483647;
			files = (
				DA7FCA05A70037C499FC0C4E /* libPods-defineCameraUITests.a in Frameworks */,
			);
			runOnlyForDeploymentPostprocessing = 0;
		};
/* End PBXFrameworksBuildPhase section */

/* Begin PBXGroup section */
		6A093236090F55A15351659A /* Frameworks */ = {
			isa = PBXGroup;
			children = (
				2ECD6160B3E27E9AD99E5892 /* libPods-defineCamera.a */,
				93EA97E04080B14837026258 /* libPods-defineCameraTests.a */,
				91383BB5550562E154B4B86A /* libPods-defineCameraUITests.a */,
			);
			name = Frameworks;
			sourceTree = "<group>";
		};
		C9CDD36BD37616948C678A08 /* Pods */ = {
			isa = PBXGroup;
			children = (
				D6F57C586E9C61CB11B6925F /* Pods-defineCamera.debug.xcconfig */,
				D5B722465D49DA8920E55EDA /* Pods-defineCamera.release.xcconfig */,
				3785B064DE3D1D900C8B45CC /* Pods-defineCameraTests.debug.xcconfig */,
				220664C6E5892C02FAC24168 /* Pods-defineCameraTests.release.xcconfig */,
				8D9E03F4133ED2ADDCE82C9B /* Pods-defineCameraUITests.debug.xcconfig */,
				87243336C405286056458E1C /* Pods-defineCameraUITests.release.xcconfig */,
			);
			name = Pods;
			sourceTree = "<group>";
		};
		CE0A14981E86A15800C4068F = {
			isa = PBXGroup;
			children = (
				CE0A14A31E86A15800C4068F /* defineCamera */,
				CE0A14BD1E86A15800C4068F /* defineCameraTests */,
				CE0A14C81E86A15800C4068F /* defineCameraUITests */,
				CE0A14A21E86A15800C4068F /* Products */,
				C9CDD36BD37616948C678A08 /* Pods */,
				6A093236090F55A15351659A /* Frameworks */,
			);
			sourceTree = "<group>";
		};
		CE0A14A21E86A15800C4068F /* Products */ = {
			isa = PBXGroup;
			children = (
				CE0A14A11E86A15800C4068F /* defineCamera.app */,
				CE0A14BA1E86A15800C4068F /* defineCameraTests.xctest */,
				CE0A14C51E86A15800C4068F /* defineCameraUITests.xctest */,
			);
			name = Products;
			sourceTree = "<group>";
		};
		CE0A14A31E86A15800C4068F /* defineCamera */ = {
			isa = PBXGroup;
			children = (
				CE41CC8E1E86A5F300AA6E6B /* KFZCame */,
				CE41CC661E86A28B00AA6E6B /* UIImage+extension.h */,
				CE41CC671E86A28B00AA6E6B /* UIImage+extension.m */,
				CE41CC631E86A24C00AA6E6B /* KFZImageDBTool.h */,
				CE41CC641E86A24C00AA6E6B /* KFZImageDBTool.m */,
				CE0A14A71E86A15800C4068F /* AppDelegate.h */,
				CE0A14A81E86A15800C4068F /* AppDelegate.m */,
				CE0A14AA1E86A15800C4068F /* ViewController.h */,
				CE0A14AB1E86A15800C4068F /* ViewController.m */,
				CE0A14AD1E86A15800C4068F /* Main.storyboard */,
				CE0A14B01E86A15800C4068F /* Assets.xcassets */,
				CE0A14B21E86A15800C4068F /* LaunchScreen.storyboard */,
				CE0A14B51E86A15800C4068F /* Info.plist */,
				CE0A14A41E86A15800C4068F /* Supporting Files */,
			);
			path = defineCamera;
			sourceTree = "<group>";
		};
		CE0A14A41E86A15800C4068F /* Supporting Files */ = {
			isa = PBXGroup;
			children = (
				CE0A14A51E86A15800C4068F /* main.m */,
			);
			name = "Supporting Files";
			sourceTree = "<group>";
		};
		CE0A14BD1E86A15800C4068F /* defineCameraTests */ = {
			isa = PBXGroup;
			children = (
				CE0A14BE1E86A15800C4068F /* defineCameraTests.m */,
				CE0A14C01E86A15800C4068F /* Info.plist */,
			);
			path = defineCameraTests;
			sourceTree = "<group>";
		};
		CE0A14C81E86A15800C4068F /* defineCameraUITests */ = {
			isa = PBXGroup;
			children = (
				CE0A14C91E86A15800C4068F /* defineCameraUITests.m */,
				CE0A14CB1E86A15800C4068F /* Info.plist */,
			);
			path = defineCameraUITests;
			sourceTree = "<group>";
		};
		CE41CC8E1E86A5F300AA6E6B /* KFZCame */ = {
			isa = PBXGroup;
			children = (
				CE41CC8F1E86A5F300AA6E6B /* Core */,
				CE41CC951E86A5F300AA6E6B /* Resource */,
			);
			path = KFZCame;
			sourceTree = "<group>";
		};
		CE41CC8F1E86A5F300AA6E6B /* Core */ = {
			isa = PBXGroup;
			children = (
				CE41CC901E86A5F300AA6E6B /* KFZBaseCameraVC.h */,
				CE41CC911E86A5F300AA6E6B /* KFZBaseCameraVC.m */,
				CE41CC921E86A5F300AA6E6B /* KFZCameraShowView.h */,
				CE41CC931E86A5F300AA6E6B /* KFZCameraShowView.m */,
				CE41CC941E86A5F300AA6E6B /* KFZCameraShowView.xib */,
			);
			path = Core;
			sourceTree = "<group>";
		};
		CE41CC951E86A5F300AA6E6B /* Resource */ = {
			isa = PBXGroup;
			children = (
				CE41CC961E86A5F300AA6E6B /* cameraClose.png */,
				CE41CC971E86A5F300AA6E6B /* cameraClose@2x.png */,
				CE41CC981E86A5F300AA6E6B /* cameraClose@3x.png */,
				CE41CC991E86A5F300AA6E6B /* cameraCrop.png */,
				CE41CC9A1E86A5F300AA6E6B /* cameraCrop@2x.png */,
				CE41CC9B1E86A5F300AA6E6B /* cameraCrop@3x.png */,
				CE41CC9C1E86A5F300AA6E6B /* cameraFlash.png */,
				CEAD15671E8F989D0012ADFF /* cameraFlip@2x.png */,
				CE41CC9D1E86A5F300AA6E6B /* cameraFlash@2x.png */,
				CE41CC9E1E86A5F300AA6E6B /* cameraFlash@3x.png */,
				CE41CCA21E86A5F300AA6E6B /* cameraGridNormal.png */,
				CE41CCA31E86A5F300AA6E6B /* cameraGridNormal@2x.png */,
				CEAD15631E8F97960012ADFF /* cameraTrigger_highilight@2x.png */,
				CEAD15641E8F97960012ADFF /* cameraTrigger@2x.png */,
				CE41CCA41E86A5F300AA6E6B /* cameraGridNormal@3x.png */,
			);
			path = Resource;
			sourceTree = "<group>";
		};
/* End PBXGroup section */

/* Begin PBXNativeTarget section */
		CE0A14A01E86A15800C4068F /* defineCamera */ = {
			isa = PBXNativeTarget;
			buildConfigurationList = CE0A14CE1E86A15800C4068F /* Build configuration list for PBXNativeTarget "defineCamera" */;
			buildPhases = (
				77E7746F87F8372BD239614A /* [CP] Check Pods Manifest.lock */,
				CE0A149D1E86A15800C4068F /* Sources */,
				CE0A149E1E86A15800C4068F /* Frameworks */,
				CE0A149F1E86A15800C4068F /* Resources */,
				515F6E463FA09128D03B13AB /* [CP] Embed Pods Frameworks */,
				D146B9EBA4D6663AB2A2D934 /* [CP] Copy Pods Resources */,
			);
			buildRules = (
			);
			dependencies = (
			);
			name = defineCamera;
			productName = defineCamera;
			productReference = CE0A14A11E86A15800C4068F /* defineCamera.app */;
			productType = "com.apple.product-type.application";
		};
		CE0A14B91E86A15800C4068F /* defineCameraTests */ = {
			isa = PBXNativeTarget;
			buildConfigurationList = CE0A14D11E86A15800C4068F /* Build configuration list for PBXNativeTarget "defineCameraTests" */;
			buildPhases = (
				6E800C0CBEDF1BD35ED24D51 /* [CP] Check Pods Manifest.lock */,
				CE0A14B61E86A15800C4068F /* Sources */,
				CE0A14B71E86A15800C4068F /* Frameworks */,
				CE0A14B81E86A15800C4068F /* Resources */,
				13CC8F8AD80751ACC3F12001 /* [CP] Embed Pods Frameworks */,
				6D75165C8F6F5B83FADAD330 /* [CP] Copy Pods Resources */,
			);
			buildRules = (
			);
			dependencies = (
				CE0A14BC1E86A15800C4068F /* PBXTargetDependency */,
			);
			name = defineCameraTests;
			productName = defineCameraTests;
			productReference = CE0A14BA1E86A15800C4068F /* defineCameraTests.xctest */;
			productType = "com.apple.product-type.bundle.unit-test";
		};
		CE0A14C41E86A15800C4068F /* defineCameraUITests */ = {
			isa = PBXNativeTarget;
			buildConfigurationList = CE0A14D41E86A15800C4068F /* Build configuration list for PBXNativeTarget "defineCameraUITests" */;
			buildPhases = (
				46360D00563324C2EC501AC0 /* [CP] Check Pods Manifest.lock */,
				CE0A14C11E86A15800C4068F /* Sources */,
				CE0A14C21E86A15800C4068F /* Frameworks */,
				CE0A14C31E86A15800C4068F /* Resources */,
				536DEF4C4FC26B3E1F4CC4FA /* [CP] Embed Pods Frameworks */,
				42D5C146941543F1BBF23126 /* [CP] Copy Pods Resources */,
			);
			buildRules = (
			);
			dependencies = (
				CE0A14C71E86A15800C4068F /* PBXTargetDependency */,
			);
			name = defineCameraUITests;
			productName = defineCameraUITests;
			productReference = CE0A14C51E86A15800C4068F /* defineCameraUITests.xctest */;
			productType = "com.apple.product-type.bundle.ui-testing";
		};
/* End PBXNativeTarget section */

/* Begin PBXProject section */
		CE0A14991E86A15800C4068F /* Project object */ = {
			isa = PBXProject;
			attributes = {
				LastUpgradeCheck = 0820;
				ORGANIZATIONNAME = kongfz;
				TargetAttributes = {
					CE0A14A01E86A15800C4068F = {
						CreatedOnToolsVersion = 8.2.1;
						DevelopmentTeam = AR8RH55RMX;
						ProvisioningStyle = Automatic;
					};
					CE0A14B91E86A15800C4068F = {
						CreatedOnToolsVersion = 8.2.1;
						DevelopmentTeam = AR8RH55RMX;
						ProvisioningStyle = Automatic;
						TestTargetID = CE0A14A01E86A15800C4068F;
					};
					CE0A14C41E86A15800C4068F = {
						CreatedOnToolsVersion = 8.2.1;
						DevelopmentTeam = AR8RH55RMX;
						ProvisioningStyle = Automatic;
						TestTargetID = CE0A14A01E86A15800C4068F;
					};
				};
			};
			buildConfigurationList = CE0A149C1E86A15800C4068F /* Build configuration list for PBXProject "defineCamera" */;
			compatibilityVersion = "Xcode 3.2";
			developmentRegion = English;
			hasScannedForEncodings = 0;
			knownRegions = (
				en,
				Base,
			);
			mainGroup = CE0A14981E86A15800C4068F;
			productRefGroup = CE0A14A21E86A15800C4068F /* Products */;
			projectDirPath = "";
			projectRoot = "";
			targets = (
				CE0A14A01E86A15800C4068F /* defineCamera */,
				CE0A14B91E86A15800C4068F /* defineCameraTests */,
				CE0A14C41E86A15800C4068F /* defineCameraUITests */,
			);
		};
/* End PBXProject section */

/* Begin PBXResourcesBuildPhase section */
		CE0A149F1E86A15800C4068F /* Resources */ = {
			isa = PBXResourcesBuildPhase;
			buildActionMask = 2147483647;
			files = (
				CE41CCB11E86A5F300AA6E6B /* cameraFlash.png in Resources */,
				CEAD15661E8F97960012ADFF /* cameraTrigger@2x.png in Resources */,
				CE41CCAC1E86A5F300AA6E6B /* cameraClose@2x.png in Resources */,
				CE41CCB91E86A5F300AA6E6B /* cameraGridNormal@3x.png in Resources */,
				CE0A14B41E86A15800C4068F /* LaunchScreen.storyboard in Resources */,
				CE41CCB81E86A5F300AA6E6B /* cameraGridNormal@2x.png in Resources */,
				CE41CCB71E86A5F300AA6E6B /* cameraGridNormal.png in Resources */,
				CEAD15681E8F989D0012ADFF /* cameraFlip@2x.png in Resources */,
				CE0A14B11E86A15800C4068F /* Assets.xcassets in Resources */,
				CE41CCAD1E86A5F300AA6E6B /* cameraClose@3x.png in Resources */,
				CE41CCAF1E86A5F300AA6E6B /* cameraCrop@2x.png in Resources */,
				CE41CCB21E86A5F300AA6E6B /* cameraFlash@2x.png in Resources */,
				CEAD15651E8F97960012ADFF /* cameraTrigger_highilight@2x.png in Resources */,
				CE41CCAA1E86A5F300AA6E6B /* KFZCameraShowView.xib in Resources */,
				CE0A14AF1E86A15800C4068F /* Main.storyboard in Resources */,
				CE41CCAE1E86A5F300AA6E6B /* cameraCrop.png in Resources */,
				CE41CCB01E86A5F300AA6E6B /* cameraCrop@3x.png in Resources */,
				CE41CCAB1E86A5F300AA6E6B /* cameraClose.png in Resources */,
				CE41CCB31E86A5F300AA6E6B /* cameraFlash@3x.png in Resources */,
			);
			runOnlyForDeploymentPostprocessing = 0;
		};
		CE0A14B81E86A15800C4068F /* Resources */ = {
			isa = PBXResourcesBuildPhase;
			buildActionMask = 2147483647;
			files = (
			);
			runOnlyForDeploymentPostprocessing = 0;
		};
		CE0A14C31E86A15800C4068F /* Resources */ = {
			isa = PBXResourcesBuildPhase;
			buildActionMask = 2147483647;
			files = (
			);
			runOnlyForDeploymentPostprocessing = 0;
		};
/* End PBXResourcesBuildPhase section */

/* Begin PBXShellScriptBuildPhase section */
		13CC8F8AD80751ACC3F12001 /* [CP] Embed Pods Frameworks */ = {
			isa = PBXShellScriptBuildPhase;
			buildActionMask = 2147483647;
			files = (
			);
			inputPaths = (
			);
			name = "[CP] Embed Pods Frameworks";
			outputPaths = (
			);
			runOnlyForDeploymentPostprocessing = 0;
			shellPath = /bin/sh;
			shellScript = "\"${SRCROOT}/Pods/Target Support Files/Pods-defineCameraTests/Pods-defineCameraTests-frameworks.sh\"\n";
			showEnvVarsInLog = 0;
		};
		42D5C146941543F1BBF23126 /* [CP] Copy Pods Resources */ = {
			isa = PBXShellScriptBuildPhase;
			buildActionMask = 2147483647;
			files = (
			);
			inputPaths = (
			);
			name = "[CP] Copy Pods Resources";
			outputPaths = (
			);
			runOnlyForDeploymentPostprocessing = 0;
			shellPath = /bin/sh;
			shellScript = "\"${SRCROOT}/Pods/Target Support Files/Pods-defineCameraUITests/Pods-defineCameraUITests-resources.sh\"\n";
			showEnvVarsInLog = 0;
		};
		46360D00563324C2EC501AC0 /* [CP] Check Pods Manifest.lock */ = {
			isa = PBXShellScriptBuildPhase;
			buildActionMask = 2147483647;
			files = (
			);
			inputPaths = (
			);
			name = "[CP] Check Pods Manifest.lock";
			outputPaths = (
			);
			runOnlyForDeploymentPostprocessing = 0;
			shellPath = /bin/sh;
			shellScript = "diff \"${PODS_ROOT}/../Podfile.lock\" \"${PODS_ROOT}/Manifest.lock\" > /dev/null\nif [ $? != 0 ] ; then\n    # print error to STDERR\n    echo \"error: The sandbox is not in sync with the Podfile.lock. Run 'pod install' or update your CocoaPods installation.\" >&2\n    exit 1\nfi\n";
			showEnvVarsInLog = 0;
		};
		515F6E463FA09128D03B13AB /* [CP] Embed Pods Frameworks */ = {
			isa = PBXShellScriptBuildPhase;
			buildActionMask = 2147483647;
			files = (
			);
			inputPaths = (
			);
			name = "[CP] Embed Pods Frameworks";
			outputPaths = (
			);
			runOnlyForDeploymentPostprocessing = 0;
			shellPath = /bin/sh;
			shellScript = "\"${SRCROOT}/Pods/Target Support Files/Pods-defineCamera/Pods-defineCamera-frameworks.sh\"\n";
			showEnvVarsInLog = 0;
		};
		536DEF4C4FC26B3E1F4CC4FA /* [CP] Embed Pods Frameworks */ = {
			isa = PBXShellScriptBuildPhase;
			buildActionMask = 2147483647;
			files = (
			);
			inputPaths = (
			);
			name = "[CP] Embed Pods Frameworks";
			outputPaths = (
			);
			runOnlyForDeploymentPostprocessing = 0;
			shellPath = /bin/sh;
			shellScript = "\"${SRCROOT}/Pods/Target Support Files/Pods-defineCameraUITests/Pods-defineCameraUITests-frameworks.sh\"\n";
			showEnvVarsInLog = 0;
		};
		6D75165C8F6F5B83FADAD330 /* [CP] Copy Pods Resources */ = {
			isa = PBXShellScriptBuildPhase;
			buildActionMask = 2147483647;
			files = (
			);
			inputPaths = (
			);
			name = "[CP] Copy Pods Resources";
			outputPaths = (
			);
			runOnlyForDeploymentPostprocessing = 0;
			shellPath = /bin/sh;
			shellScript = "\"${SRCROOT}/Pods/Target Support Files/Pods-defineCameraTests/Pods-defineCameraTests-resources.sh\"\n";
			showEnvVarsInLog = 0;
		};
		6E800C0CBEDF1BD35ED24D51 /* [CP] Check Pods Manifest.lock */ = {
			isa = PBXShellScriptBuildPhase;
			buildActionMask = 2147483647;
			files = (
			);
			inputPaths = (
			);
			name = "[CP] Check Pods Manifest.lock";
			outputPaths = (
			);
			runOnlyForDeploymentPostprocessing = 0;
			shellPath = /bin/sh;
			shellScript = "diff \"${PODS_ROOT}/../Podfile.lock\" \"${PODS_ROOT}/Manifest.lock\" > /dev/null\nif [ $? != 0 ] ; then\n    # print error to STDERR\n    echo \"error: The sandbox is not in sync with the Podfile.lock. Run 'pod install' or update your CocoaPods installation.\" >&2\n    exit 1\nfi\n";
			showEnvVarsInLog = 0;
		};
		77E7746F87F8372BD239614A /* [CP] Check Pods Manifest.lock */ = {
			isa = PBXShellScriptBuildPhase;
			buildActionMask = 2147483647;
			files = (
			);
			inputPaths = (
			);
			name = "[CP] Check Pods Manifest.lock";
			outputPaths = (
			);
			runOnlyForDeploymentPostprocessing = 0;
			shellPath = /bin/sh;
			shellScript = "diff \"${PODS_ROOT}/../Podfile.lock\" \"${PODS_ROOT}/Manifest.lock\" > /dev/null\nif [ $? != 0 ] ; then\n    # print error to STDERR\n    echo \"error: The sandbox is not in sync with the Podfile.lock. Run 'pod install' or update your CocoaPods installation.\" >&2\n    exit 1\nfi\n";
			showEnvVarsInLog = 0;
		};
		D146B9EBA4D6663AB2A2D934 /* [CP] Copy Pods Resources */ = {
			isa = PBXShellScriptBuildPhase;
			buildActionMask = 2147483647;
			files = (
			);
			inputPaths = (
			);
			name = "[CP] Copy Pods Resources";
			outputPaths = (
			);
			runOnlyForDeploymentPostprocessing = 0;
			shellPath = /bin/sh;
			shellScript = "\"${SRCROOT}/Pods/Target Support Files/Pods-defineCamera/Pods-defineCamera-resources.sh\"\n";
			showEnvVarsInLog = 0;
		};
/* End PBXShellScriptBuildPhase section */

/* Begin PBXSourcesBuildPhase section */
		CE0A149D1E86A15800C4068F /* Sources */ = {
			isa = PBXSourcesBuildPhase;
			buildActionMask = 2147483647;
			files = (
				CE41CC681E86A28B00AA6E6B /* UIImage+extension.m in Sources */,
				CE0A14AC1E86A15800C4068F /* ViewController.m in Sources */,
				CE41CCA91E86A5F300AA6E6B /* KFZCameraShowView.m in Sources */,
				CE41CCA81E86A5F300AA6E6B /* KFZBaseCameraVC.m in Sources */,
				CE0A14A91E86A15800C4068F /* AppDelegate.m in Sources */,
				CE0A14A61E86A15800C4068F /* main.m in Sources */,
				CE41CC651E86A24C00AA6E6B /* KFZImageDBTool.m in Sources */,
			);
			runOnlyForDeploymentPostprocessing = 0;
		};
		CE0A14B61E86A15800C4068F /* Sources */ = {
			isa = PBXSourcesBuildPhase;
			buildActionMask = 2147483647;
			files = (
				CE0A14BF1E86A15800C4068F /* defineCameraTests.m in Sources */,
			);
			runOnlyForDeploymentPostprocessing = 0;
		};
		CE0A14C11E86A15800C4068F /* Sources */ = {
			isa = PBXSourcesBuildPhase;
			buildActionMask = 2147483647;
			files = (
				CE0A14CA1E86A15800C4068F /* defineCameraUITests.m in Sources */,
			);
			runOnlyForDeploymentPostprocessing = 0;
		};
/* End PBXSourcesBuildPhase section */

/* Begin PBXTargetDependency section */
		CE0A14BC1E86A15800C4068F /* PBXTargetDependency */ = {
			isa = PBXTargetDependency;
			target = CE0A14A01E86A15800C4068F /* defineCamera */;
			targetProxy = CE0A14BB1E86A15800C4068F /* PBXContainerItemProxy */;
		};
		CE0A14C71E86A15800C4068F /* PBXTargetDependency */ = {
			isa = PBXTargetDependency;
			target = CE0A14A01E86A15800C4068F /* defineCamera */;
			targetProxy = CE0A14C61E86A15800C4068F /* PBXContainerItemProxy */;
		};
/* End PBXTargetDependency section */

/* Begin PBXVariantGroup section */
		CE0A14AD1E86A15800C4068F /* Main.storyboard */ = {
			isa = PBXVariantGroup;
			children = (
				CE0A14AE1E86A15800C4068F /* Base */,
			);
			name = Main.storyboard;
			sourceTree = "<group>";
		};
		CE0A14B21E86A15800C4068F /* LaunchScreen.storyboard */ = {
			isa = PBXVariantGroup;
			children = (
				CE0A14B31E86A15800C4068F /* Base */,
			);
			name = LaunchScreen.storyboard;
			sourceTree = "<group>";
		};
/* End PBXVariantGroup section */

/* Begin XCBuildConfiguration section */
		CE0A14CC1E86A15800C4068F /* Debug */ = {
			isa = XCBuildConfiguration;
			buildSettings = {
				ALWAYS_SEARCH_USER_PATHS = NO;
				CLANG_ANALYZER_NONNULL = YES;
				CLANG_CXX_LANGUAGE_STANDARD = "gnu++0x";
				CLANG_CXX_LIBRARY = "libc++";
				CLANG_ENABLE_MODULES = YES;
				CLANG_ENABLE_OBJC_ARC = YES;
				CLANG_WARN_BOOL_CONVERSION = YES;
				CLANG_WARN_CONSTANT_CONVERSION = YES;
				CLANG_WARN_DIRECT_OBJC_ISA_USAGE = YES_ERROR;
				CLANG_WARN_DOCUMENTATION_COMMENTS = YES;
				CLANG_WARN_EMPTY_BODY = YES;
				CLANG_WARN_ENUM_CONVERSION = YES;
				CLANG_WARN_INFINITE_RECURSION = YES;
				CLANG_WARN_INT_CONVERSION = YES;
				CLANG_WARN_OBJC_ROOT_CLASS = YES_ERROR;
				CLANG_WARN_SUSPICIOUS_MOVE = YES;
				CLANG_WARN_UNREACHABLE_CODE = YES;
				CLANG_WARN__DUPLICATE_METHOD_MATCH = YES;
				"CODE_SIGN_IDENTITY[sdk=iphoneos*]" = "iPhone Developer";
				COPY_PHASE_STRIP = NO;
				DEBUG_INFORMATION_FORMAT = dwarf;
				ENABLE_STRICT_OBJC_MSGSEND = YES;
				ENABLE_TESTABILITY = YES;
				GCC_C_LANGUAGE_STANDARD = gnu99;
				GCC_DYNAMIC_NO_PIC = NO;
				GCC_NO_COMMON_BLOCKS = YES;
				GCC_OPTIMIZATION_LEVEL = 0;
				GCC_PREPROCESSOR_DEFINITIONS = (
					"DEBUG=1",
					"$(inherited)",
				);
				GCC_WARN_64_TO_32_BIT_CONVERSION = YES;
				GCC_WARN_ABOUT_RETURN_TYPE = YES_ERROR;
				GCC_WARN_UNDECLARED_SELECTOR = YES;
				GCC_WARN_UNINITIALIZED_AUTOS = YES_AGGRESSIVE;
				GCC_WARN_UNUSED_FUNCTION = YES;
				GCC_WARN_UNUSED_VARIABLE = YES;
				IPHONEOS_DEPLOYMENT_TARGET = 10.2;
				MTL_ENABLE_DEBUG_INFO = YES;
				ONLY_ACTIVE_ARCH = YES;
				SDKROOT = iphoneos;
			};
			name = Debug;
		};
		CE0A14CD1E86A15800C4068F /* Release */ = {
			isa = XCBuildConfiguration;
			buildSettings = {
				ALWAYS_SEARCH_USER_PATHS = NO;
				CLANG_ANALYZER_NONNULL = YES;
				CLANG_CXX_LANGUAGE_STANDARD = "gnu++0x";
				CLANG_CXX_LIBRARY = "libc++";
				CLANG_ENABLE_MODULES = YES;
				CLANG_ENABLE_OBJC_ARC = YES;
				CLANG_WARN_BOOL_CONVERSION = YES;
				CLANG_WARN_CONSTANT_CONVERSION = YES;
				CLANG_WARN_DIRECT_OBJC_ISA_USAGE = YES_ERROR;
				CLANG_WARN_DOCUMENTATION_COMMENTS = YES;
				CLANG_WARN_EMPTY_BODY = YES;
				CLANG_WARN_ENUM_CONVERSION = YES;
				CLANG_WARN_INFINITE_RECURSION = YES;
				CLANG_WARN_INT_CONVERSION = YES;
				CLANG_WARN_OBJC_ROOT_CLASS = YES_ERROR;
				CLANG_WARN_SUSPICIOUS_MOVE = YES;
				CLANG_WARN_UNREACHABLE_CODE = YES;
				CLANG_WARN__DUPLICATE_METHOD_MATCH = YES;
				"CODE_SIGN_IDENTITY[sdk=iphoneos*]" = "iPhone Developer";
				COPY_PHASE_STRIP = NO;
				DEBUG_INFORMATION_FORMAT = "dwarf-with-dsym";
				ENABLE_NS_ASSERTIONS = NO;
				ENABLE_STRICT_OBJC_MSGSEND = YES;
				GCC_C_LANGUAGE_STANDARD = gnu99;
				GCC_NO_COMMON_BLOCKS = YES;
				GCC_WARN_64_TO_32_BIT_CONVERSION = YES;
				GCC_WARN_ABOUT_RETURN_TYPE = YES_ERROR;
				GCC_WARN_UNDECLARED_SELECTOR = YES;
				GCC_WARN_UNINITIALIZED_AUTOS = YES_AGGRESSIVE;
				GCC_WARN_UNUSED_FUNCTION = YES;
				GCC_WARN_UNUSED_VARIABLE = YES;
				IPHONEOS_DEPLOYMENT_TARGET = 10.2;
				MTL_ENABLE_DEBUG_INFO = NO;
				SDKROOT = iphoneos;
				VALIDATE_PRODUCT = YES;
			};
			name = Release;
		};
		CE0A14CF1E86A15800C4068F /* Debug */ = {
			isa = XCBuildConfiguration;
			baseConfigurationReference = D6F57C586E9C61CB11B6925F /* Pods-defineCamera.debug.xcconfig */;
			buildSettings = {
				ASSETCATALOG_COMPILER_APPICON_NAME = AppIcon;
				DEVELOPMENT_TEAM = AR8RH55RMX;
				INFOPLIST_FILE = defineCamera/Info.plist;
				LD_RUNPATH_SEARCH_PATHS = "$(inherited) @executable_path/Frameworks";
				PRODUCT_BUNDLE_IDENTIFIER = com.kongfz.www.defineCamera;
				PRODUCT_NAME = "$(TARGET_NAME)";
			};
			name = Debug;
		};
		CE0A14D01E86A15800C4068F /* Release */ = {
			isa = XCBuildConfiguration;
			baseConfigurationReference = D5B722465D49DA8920E55EDA /* Pods-defineCamera.release.xcconfig */;
			buildSettings = {
				ASSETCATALOG_COMPILER_APPICON_NAME = AppIcon;
				DEVELOPMENT_TEAM = AR8RH55RMX;
				INFOPLIST_FILE = defineCamera/Info.plist;
				LD_RUNPATH_SEARCH_PATHS = "$(inherited) @executable_path/Frameworks";
				PRODUCT_BUNDLE_IDENTIFIER = com.kongfz.www.defineCamera;
				PRODUCT_NAME = "$(TARGET_NAME)";
			};
			name = Release;
		};
		CE0A14D21E86A15800C4068F /* Debug */ = {
			isa = XCBuildConfiguration;
			baseConfigurationReference = 3785B064DE3D1D900C8B45CC /* Pods-defineCameraTests.debug.xcconfig */;
			buildSettings = {
				BUNDLE_LOADER = "$(TEST_HOST)";
				DEVELOPMENT_TEAM = AR8RH55RMX;
				INFOPLIST_FILE = defineCameraTests/Info.plist;
				LD_RUNPATH_SEARCH_PATHS = "$(inherited) @executable_path/Frameworks @loader_path/Frameworks";
				PRODUCT_BUNDLE_IDENTIFIER = com.kongfz.www.defineCameraTests;
				PRODUCT_NAME = "$(TARGET_NAME)";
				TEST_HOST = "$(BUILT_PRODUCTS_DIR)/defineCamera.app/defineCamera";
			};
			name = Debug;
		};
		CE0A14D31E86A15800C4068F /* Release */ = {
			isa = XCBuildConfiguration;
			baseConfigurationReference = 220664C6E5892C02FAC24168 /* Pods-defineCameraTests.release.xcconfig */;
			buildSettings = {
				BUNDLE_LOADER = "$(TEST_HOST)";
				DEVELOPMENT_TEAM = AR8RH55RMX;
				INFOPLIST_FILE = defineCameraTests/Info.plist;
				LD_RUNPATH_SEARCH_PATHS = "$(inherited) @executable_path/Frameworks @loader_path/Frameworks";
				PRODUCT_BUNDLE_IDENTIFIER = com.kongfz.www.defineCameraTests;
				PRODUCT_NAME = "$(TARGET_NAME)";
				TEST_HOST = "$(BUILT_PRODUCTS_DIR)/defineCamera.app/defineCamera";
			};
			name = Release;
		};
		CE0A14D51E86A15800C4068F /* Debug */ = {
			isa = XCBuildConfiguration;
			baseConfigurationReference = 8D9E03F4133ED2ADDCE82C9B /* Pods-defineCameraUITests.debug.xcconfig */;
			buildSettings = {
				DEVELOPMENT_TEAM = AR8RH55RMX;
				INFOPLIST_FILE = defineCameraUITests/Info.plist;
				LD_RUNPATH_SEARCH_PATHS = "$(inherited) @executable_path/Frameworks @loader_path/Frameworks";
				PRODUCT_BUNDLE_IDENTIFIER = com.kongfz.www.defineCameraUITests;
				PRODUCT_NAME = "$(TARGET_NAME)";
				TEST_TARGET_NAME = defineCamera;
			};
			name = Debug;
		};
		CE0A14D61E86A15800C4068F /* Release */ = {
			isa = XCBuildConfiguration;
			baseConfigurationReference = 87243336C405286056458E1C /* Pods-defineCameraUITests.release.xcconfig */;
			buildSettings = {
				DEVELOPMENT_TEAM = AR8RH55RMX;
				INFOPLIST_FILE = defineCameraUITests/Info.plist;
				LD_RUNPATH_SEARCH_PATHS = "$(inherited) @executable_path/Frameworks @loader_path/Frameworks";
				PRODUCT_BUNDLE_IDENTIFIER = com.kongfz.www.defineCameraUITests;
				PRODUCT_NAME = "$(TARGET_NAME)";
				TEST_TARGET_NAME = defineCamera;
			};
			name = Release;
		};
/* End XCBuildConfiguration section */

/* Begin XCConfigurationList section */
		CE0A149C1E86A15800C4068F /* Build configuration list for PBXProject "defineCamera" */ = {
			isa = XCConfigurationList;
			buildConfigurations = (
				CE0A14CC1E86A15800C4068F /* Debug */,
				CE0A14CD1E86A15800C4068F /* Release */,
			);
			defaultConfigurationIsVisible = 0;
			defaultConfigurationName = Release;
		};
		CE0A14CE1E86A15800C4068F /* Build configuration list for PBXNativeTarget "defineCamera" */ = {
			isa = XCConfigurationList;
			buildConfigurations = (
				CE0A14CF1E86A15800C4068F /* Debug */,
				CE0A14D01E86A15800C4068F /* Release */,
			);
			defaultConfigurationIsVisible = 0;
			defaultConfigurationName = Release;
		};
		CE0A14D11E86A15800C4068F /* Build configuration list for PBXNativeTarget "defineCameraTests" */ = {
			isa = XCConfigurationList;
			buildConfigurations = (
				CE0A14D21E86A15800C4068F /* Debug */,
				CE0A14D31E86A15800C4068F /* Release */,
			);
			defaultConfigurationIsVisible = 0;
			defaultConfigurationName = Release;
		};
		CE0A14D41E86A15800C4068F /* Build configuration list for PBXNativeTarget "defineCameraUITests" */ = {
			isa = XCConfigurationList;
			buildConfigurations = (
				CE0A14D51E86A15800C4068F /* Debug */,
				CE0A14D61E86A15800C4068F /* Release */,
			);
			defaultConfigurationIsVisible = 0;
			defaultConfigurationName = Release;
		};
/* End XCConfigurationList section */
	};
	rootObject = CE0A14991E86A15800C4068F /* Project object */;
}
