PODS:
  - DBCamera (2.4.1):
    - GPUImage (~> 0.1)
  - FMDB (2.6.2):
    - FMDB/standard (= 2.6.2)
  - FMDB/standard (2.6.2)
  - GPUImage (0.1.7)
  - Masonry (1.0.2)

DEPENDENCIES:
  - DBCamera (~> 2.4)
  - FMDB (~> 2.6.2)
  - Masonry (= 1.0.2)

SPEC CHECKSUMS:
  DBCamera: 7a4343a541e1264610f9f33176552b93170a843e
  FMDB: 854a0341b4726e53276f2a8996f06f1b80f9259a
  GPUImage: 733a5f0fab92df9de1c37ba9df520a833ccb406d
  Masonry: 7c429b56da9d4ee0bbb3ed77a5ea710d6a5df39e

PODFILE CHECKSUM: c0faa003e757311daf3405c93c196d4ce52855ba

COCOAPODS: 1.2.0
